
Microsoft Visual Studio Solution File, Format Version 12.00
# Visual Studio Version 16
VisualStudioVersion = 16.0.32106.194
MinimumVisualStudioVersion = 10.0.40219.1
Project("{FAE04EC0-301F-11D3-BF4B-00C04F79EFBC}") = "RJ.Console", "RJ.Console\RJ.Console.csproj", "{E4D6BF6C-3242-4D84-94FD-8722507ECF85}"
EndProject
Project("{FAE04EC0-301F-11D3-BF4B-00C04F79EFBC}") = "RJ.Domaine", "RJ.Domaine\RJ.Domaine.csproj", "{8F6467FE-5F57-402A-A54F-F1499BA77F01}"
EndProject
Project("{9A19103F-16F7-4668-BE54-9A1E7A4F7556}") = "RJ.Service", "RJ.Service\RJ.Service.csproj", "{6CA2E6C1-1F1F-432D-803C-4DCB764D27C2}"
EndProject
Project("{FAE04EC0-301F-11D3-BF4B-00C04F79EFBC}") = "RJ.Data", "RJ.Data\RJ.Data.csproj", "{8FD51946-D1F7-4619-BC17-ED7411584CAE}"
EndProject
Global
	GlobalSection(SolutionConfigurationPlatforms) = preSolution
		Debug|Any CPU = Debug|Any CPU
		Release|Any CPU = Release|Any CPU
	EndGlobalSection
	GlobalSection(ProjectConfigurationPlatforms) = postSolution
		{E4D6BF6C-3242-4D84-94FD-8722507ECF85}.Debug|Any CPU.ActiveCfg = Debug|Any CPU
		{E4D6BF6C-3242-4D84-94FD-8722507ECF85}.Debug|Any CPU.Build.0 = Debug|Any CPU
		{E4D6BF6C-3242-4D84-94FD-8722507ECF85}.Release|Any CPU.ActiveCfg = Release|Any CPU
		{E4D6BF6C-3242-4D84-94FD-8722507ECF85}.Release|Any CPU.Build.0 = Release|Any CPU
		{8F6467FE-5F57-402A-A54F-F1499BA77F01}.Debug|Any CPU.ActiveCfg = Debug|Any CPU
		{8F6467FE-5F57-402A-A54F-F1499BA77F01}.Debug|Any CPU.Build.0 = Debug|Any CPU
		{8F6467FE-5F57-402A-A54F-F1499BA77F01}.Release|Any CPU.ActiveCfg = Release|Any CPU
		{8F6467FE-5F57-402A-A54F-F1499BA77F01}.Release|Any CPU.Build.0 = Release|Any CPU
		{6CA2E6C1-1F1F-432D-803C-4DCB764D27C2}.Debug|Any CPU.ActiveCfg = Debug|Any CPU
		{6CA2E6C1-1F1F-432D-803C-4DCB764D27C2}.Debug|Any CPU.Build.0 = Debug|Any CPU
		{6CA2E6C1-1F1F-432D-803C-4DCB764D27C2}.Release|Any CPU.ActiveCfg = Release|Any CPU
		{6CA2E6C1-1F1F-432D-803C-4DCB764D27C2}.Release|Any CPU.Build.0 = Release|Any CPU
		{8FD51946-D1F7-4619-BC17-ED7411584CAE}.Debug|Any CPU.ActiveCfg = Debug|Any CPU
		{8FD51946-D1F7-4619-BC17-ED7411584CAE}.Debug|Any CPU.Build.0 = Debug|Any CPU
		{8FD51946-D1F7-4619-BC17-ED7411584CAE}.Release|Any CPU.ActiveCfg = Release|Any CPU
		{8FD51946-D1F7-4619-BC17-ED7411584CAE}.Release|Any CPU.Build.0 = Release|Any CPU
	EndGlobalSection
	GlobalSection(SolutionProperties) = preSolution
		HideSolutionNode = FALSE
	EndGlobalSection
	GlobalSection(ExtensibilityGlobals) = postSolution
		SolutionGuid = {3BE1F2C8-B64B-4505-9CF8-8550204522EB}
	EndGlobalSection
EndGlobal
